
Microsoft Visual Studio Solution File, Format Version 12.00
# Visual Studio Version 16
VisualStudioVersion = 16.0.29123.88
MinimumVisualStudioVersion = 10.0.40219.1
Project("{2150E333-8FDC-42A3-9474-1A3956D46DE8}") = "Microservices", "Microservices", "{EF28A80B-8EAC-4BBB-9815-B0E479A5278B}"
EndProject
Project("{2150E333-8FDC-42A3-9474-1A3956D46DE8}") = "Domain", "Domain", "{48540A22-9737-4701-8D6E-E374590C8C76}"
EndProject
Project("{2150E333-8FDC-42A3-9474-1A3956D46DE8}") = "Infra.Bus", "Infra.Bus", "{8542302F-E4D8-41C8-BE10-5A722DDC0E2C}"
EndProject
Project("{2150E333-8FDC-42A3-9474-1A3956D46DE8}") = "Infra.IoC", "Infra.IoC", "{07400904-6C57-4571-9ECF-5C7AA8841BC6}"
EndProject
Project("{2150E333-8FDC-42A3-9474-1A3956D46DE8}") = "Presentation", "Presentation", "{D136F361-EAF6-44E6-8659-D3041E9889CC}"
EndProject
Project("{9A19103F-16F7-4668-BE54-9A1E7A4F7556}") = "MicroRabbitMQP.Domain.Core", "RabbitMQP.Domain.Core\MicroRabbitMQP.Domain.Core.csproj", "{A6CFA444-1C87-4328-8538-162A6376BEAA}"
EndProject
Project("{9A19103F-16F7-4668-BE54-9A1E7A4F7556}") = "MicroRabbit.Infra.Bus", "MicroRabbit.Infra.Bus\MicroRabbit.Infra.Bus.csproj", "{BA4C6CE5-07AB-4892-B966-4510CA0F17EA}"
EndProject
Project("{9A19103F-16F7-4668-BE54-9A1E7A4F7556}") = "MicroRabbit.Infra.IoC", "MicroRabbit.Infra.IoC\MicroRabbit.Infra.IoC.csproj", "{62EF56A8-B4E4-4B73-9679-71A86BE5F076}"
EndProject
Project("{2150E333-8FDC-42A3-9474-1A3956D46DE8}") = "Banking", "Banking", "{467B680F-4D3B-4C13-AD8E-4DADE2324A4B}"
EndProject
Project("{2150E333-8FDC-42A3-9474-1A3956D46DE8}") = "Api", "Api", "{D135E805-88B2-4CB1-B17F-EAA21B424624}"
EndProject
Project("{2150E333-8FDC-42A3-9474-1A3956D46DE8}") = "Domain", "Domain", "{ECC1C191-E72A-46C5-8892-1B24828694FA}"
EndProject
Project("{2150E333-8FDC-42A3-9474-1A3956D46DE8}") = "Data", "Data", "{8D9AACC1-F34F-44C5-BEDD-669A20372D6A}"
EndProject
Project("{2150E333-8FDC-42A3-9474-1A3956D46DE8}") = "Application", "Application", "{29510C9B-BE50-4F06-BE4D-66F53B3D8C2D}"
EndProject
Project("{9A19103F-16F7-4668-BE54-9A1E7A4F7556}") = "MicroRabbitMQP.Banking.Api", "MicroRabbitMQP.Api\MicroRabbitMQP.Banking.Api.csproj", "{F7E503BE-DB12-48D4-8F91-5CDAD67E242B}"
EndProject
Project("{9A19103F-16F7-4668-BE54-9A1E7A4F7556}") = "MicroRabbitMQP.Banking.Application", "MicroRabbitMQP.Banking.Application\MicroRabbitMQP.Banking.Application.csproj", "{C54CC119-9CBD-42BB-B39D-51F757E5794C}"
EndProject
Project("{9A19103F-16F7-4668-BE54-9A1E7A4F7556}") = "MicroRabbitMQP.Banking.Data", "MicroRabbitMQP.Banking.Data\MicroRabbitMQP.Banking.Data.csproj", "{DAC7C845-C50C-48B0-9D9E-6E1F6BBBC44D}"
EndProject
Project("{9A19103F-16F7-4668-BE54-9A1E7A4F7556}") = "MicroRabbitMQP.Banking.Domain", "MicroRabbitMQP.Banking.Domain\MicroRabbitMQP.Banking.Domain.csproj", "{361205AB-28D5-4400-9E86-B518051C446D}"
EndProject
Global
	GlobalSection(SolutionConfigurationPlatforms) = preSolution
		Debug|Any CPU = Debug|Any CPU
		Release|Any CPU = Release|Any CPU
	EndGlobalSection
	GlobalSection(ProjectConfigurationPlatforms) = postSolution
		{A6CFA444-1C87-4328-8538-162A6376BEAA}.Debug|Any CPU.ActiveCfg = Debug|Any CPU
		{A6CFA444-1C87-4328-8538-162A6376BEAA}.Debug|Any CPU.Build.0 = Debug|Any CPU
		{A6CFA444-1C87-4328-8538-162A6376BEAA}.Release|Any CPU.ActiveCfg = Release|Any CPU
		{A6CFA444-1C87-4328-8538-162A6376BEAA}.Release|Any CPU.Build.0 = Release|Any CPU
		{BA4C6CE5-07AB-4892-B966-4510CA0F17EA}.Debug|Any CPU.ActiveCfg = Debug|Any CPU
		{BA4C6CE5-07AB-4892-B966-4510CA0F17EA}.Debug|Any CPU.Build.0 = Debug|Any CPU
		{BA4C6CE5-07AB-4892-B966-4510CA0F17EA}.Release|Any CPU.ActiveCfg = Release|Any CPU
		{BA4C6CE5-07AB-4892-B966-4510CA0F17EA}.Release|Any CPU.Build.0 = Release|Any CPU
		{62EF56A8-B4E4-4B73-9679-71A86BE5F076}.Debug|Any CPU.ActiveCfg = Debug|Any CPU
		{62EF56A8-B4E4-4B73-9679-71A86BE5F076}.Debug|Any CPU.Build.0 = Debug|Any CPU
		{62EF56A8-B4E4-4B73-9679-71A86BE5F076}.Release|Any CPU.ActiveCfg = Release|Any CPU
		{62EF56A8-B4E4-4B73-9679-71A86BE5F076}.Release|Any CPU.Build.0 = Release|Any CPU
		{F7E503BE-DB12-48D4-8F91-5CDAD67E242B}.Debug|Any CPU.ActiveCfg = Debug|Any CPU
		{F7E503BE-DB12-48D4-8F91-5CDAD67E242B}.Debug|Any CPU.Build.0 = Debug|Any CPU
		{F7E503BE-DB12-48D4-8F91-5CDAD67E242B}.Release|Any CPU.ActiveCfg = Release|Any CPU
		{F7E503BE-DB12-48D4-8F91-5CDAD67E242B}.Release|Any CPU.Build.0 = Release|Any CPU
		{C54CC119-9CBD-42BB-B39D-51F757E5794C}.Debug|Any CPU.ActiveCfg = Debug|Any CPU
		{C54CC119-9CBD-42BB-B39D-51F757E5794C}.Debug|Any CPU.Build.0 = Debug|Any CPU
		{C54CC119-9CBD-42BB-B39D-51F757E5794C}.Release|Any CPU.ActiveCfg = Release|Any CPU
		{C54CC119-9CBD-42BB-B39D-51F757E5794C}.Release|Any CPU.Build.0 = Release|Any CPU
		{DAC7C845-C50C-48B0-9D9E-6E1F6BBBC44D}.Debug|Any CPU.ActiveCfg = Debug|Any CPU
		{DAC7C845-C50C-48B0-9D9E-6E1F6BBBC44D}.Debug|Any CPU.Build.0 = Debug|Any CPU
		{DAC7C845-C50C-48B0-9D9E-6E1F6BBBC44D}.Release|Any CPU.ActiveCfg = Release|Any CPU
		{DAC7C845-C50C-48B0-9D9E-6E1F6BBBC44D}.Release|Any CPU.Build.0 = Release|Any CPU
		{361205AB-28D5-4400-9E86-B518051C446D}.Debug|Any CPU.ActiveCfg = Debug|Any CPU
		{361205AB-28D5-4400-9E86-B518051C446D}.Debug|Any CPU.Build.0 = Debug|Any CPU
		{361205AB-28D5-4400-9E86-B518051C446D}.Release|Any CPU.ActiveCfg = Release|Any CPU
		{361205AB-28D5-4400-9E86-B518051C446D}.Release|Any CPU.Build.0 = Release|Any CPU
	EndGlobalSection
	GlobalSection(SolutionProperties) = preSolution
		HideSolutionNode = FALSE
	EndGlobalSection
	GlobalSection(NestedProjects) = preSolution
		{A6CFA444-1C87-4328-8538-162A6376BEAA} = {48540A22-9737-4701-8D6E-E374590C8C76}
		{BA4C6CE5-07AB-4892-B966-4510CA0F17EA} = {8542302F-E4D8-41C8-BE10-5A722DDC0E2C}
		{62EF56A8-B4E4-4B73-9679-71A86BE5F076} = {07400904-6C57-4571-9ECF-5C7AA8841BC6}
		{467B680F-4D3B-4C13-AD8E-4DADE2324A4B} = {EF28A80B-8EAC-4BBB-9815-B0E479A5278B}
		{D135E805-88B2-4CB1-B17F-EAA21B424624} = {467B680F-4D3B-4C13-AD8E-4DADE2324A4B}
		{ECC1C191-E72A-46C5-8892-1B24828694FA} = {467B680F-4D3B-4C13-AD8E-4DADE2324A4B}
		{8D9AACC1-F34F-44C5-BEDD-669A20372D6A} = {467B680F-4D3B-4C13-AD8E-4DADE2324A4B}
		{29510C9B-BE50-4F06-BE4D-66F53B3D8C2D} = {467B680F-4D3B-4C13-AD8E-4DADE2324A4B}
		{F7E503BE-DB12-48D4-8F91-5CDAD67E242B} = {D135E805-88B2-4CB1-B17F-EAA21B424624}
		{C54CC119-9CBD-42BB-B39D-51F757E5794C} = {29510C9B-BE50-4F06-BE4D-66F53B3D8C2D}
		{DAC7C845-C50C-48B0-9D9E-6E1F6BBBC44D} = {8D9AACC1-F34F-44C5-BEDD-669A20372D6A}
		{361205AB-28D5-4400-9E86-B518051C446D} = {ECC1C191-E72A-46C5-8892-1B24828694FA}
	EndGlobalSection
	GlobalSection(ExtensibilityGlobals) = postSolution
		SolutionGuid = {5B109917-BA7B-4D00-A451-3EF05BF3C663}
	EndGlobalSection
EndGlobal
